
Microsoft Visual Studio Solution File, Format Version 12.00
# Visual Studio Version 17
VisualStudioVersion = 17.9.34728.123
MinimumVisualStudioVersion = 10.0.40219.1
Project("{FAE04EC0-301F-11D3-BF4B-00C04F79EFBC}") = "Layouts", "Layouts\Layouts.csproj", "{8CDDCDBC-4F84-47F0-A8C3-C5BA135E99B7}"
EndProject
Global
	GlobalSection(SolutionConfigurationPlatforms) = preSolution
		Debug|Any CPU = Debug|Any CPU
		Release|Any CPU = Release|Any CPU
	EndGlobalSection
	GlobalSection(ProjectConfigurationPlatforms) = postSolution
		{8CDDCDBC-4F84-47F0-A8C3-C5BA135E99B7}.Debug|Any CPU.ActiveCfg = Debug|Any CPU
		{8CDDCDBC-4F84-47F0-A8C3-C5BA135E99B7}.Debug|Any CPU.Build.0 = Debug|Any CPU
		{8CDDCDBC-4F84-47F0-A8C3-C5BA135E99B7}.Debug|Any CPU.Deploy.0 = Debug|Any CPU
		{8CDDCDBC-4F84-47F0-A8C3-C5BA135E99B7}.Release|Any CPU.ActiveCfg = Release|Any CPU
		{8CDDCDBC-4F84-47F0-A8C3-C5BA135E99B7}.Release|Any CPU.Build.0 = Release|Any CPU
		{8CDDCDBC-4F84-47F0-A8C3-C5BA135E99B7}.Release|Any CPU.Deploy.0 = Release|Any CPU
	EndGlobalSection
	GlobalSection(SolutionProperties) = preSolution
		HideSolutionNode = FALSE
	EndGlobalSection
	GlobalSection(ExtensibilityGlobals) = postSolution
		SolutionGuid = {56FC346C-FDCA-4D4D-BDF2-747A8FD2563E}
	EndGlobalSection
EndGlobal
